// !$*UTF8*$!
{
	archiveVersion = 1;
	classes = {
	};
	objectVersion = 50;
	objects = {

/* Begin PBXBuildFile section */
		F35A9272220A5EB800106B44 /* AppDelegate.swift in Sources */ = {isa = PBXBuildFile; fileRef = F35A9271220A5EB800106B44 /* AppDelegate.swift */; };
		F35A9274220A5EB800106B44 /* ViewController.swift in Sources */ = {isa = PBXBuildFile; fileRef = F35A9273220A5EB800106B44 /* ViewController.swift */; };
		F35A9277220A5EB800106B44 /* Main.storyboard in Resources */ = {isa = PBXBuildFile; fileRef = F35A9275220A5EB800106B44 /* Main.storyboard */; };
		F35A927A220A5EB800106B44 /* Hello_World.xcdatamodeld in Sources */ = {isa = PBXBuildFile; fileRef = F35A9278220A5EB800106B44 /* Hello_World.xcdatamodeld */; };
		F35A927C220A5EBA00106B44 /* Assets.xcassets in Resources */ = {isa = PBXBuildFile; fileRef = F35A927B220A5EBA00106B44 /* Assets.xcassets */; };
		F35A927F220A5EBA00106B44 /* LaunchScreen.storyboard in Resources */ = {isa = PBXBuildFile; fileRef = F35A927D220A5EBA00106B44 /* LaunchScreen.storyboard */; };
		F35A928A220A5EBA00106B44 /* Hello_WorldTests.swift in Sources */ = {isa = PBXBuildFile; fileRef = F35A9289220A5EBA00106B44 /* Hello_WorldTests.swift */; };
		F35A9295220A5EBA00106B44 /* Hello_WorldUITests.swift in Sources */ = {isa = PBXBuildFile; fileRef = F35A9294220A5EBA00106B44 /* Hello_WorldUITests.swift */; };
/* End PBXBuildFile section */

/* Begin PBXContainerItemProxy section */
		F35A9286220A5EBA00106B44 /* PBXContainerItemProxy */ = {
			isa = PBXContainerItemProxy;
			containerPortal = F35A9266220A5EB800106B44 /* Project object */;
			proxyType = 1;
			remoteGlobalIDString = F35A926D220A5EB800106B44;
			remoteInfo = "Hello World";
		};
		F35A9291220A5EBA00106B44 /* PBXContainerItemProxy */ = {
			isa = PBXContainerItemProxy;
			containerPortal = F35A9266220A5EB800106B44 /* Project object */;
			proxyType = 1;
			remoteGlobalIDString = F35A926D220A5EB800106B44;
			remoteInfo = "Hello World";
		};
/* End PBXContainerItemProxy section */

/* Begin PBXFileReference section */
		F35A926E220A5EB800106B44 /* Hello World.app */ = {isa = PBXFileReference; explicitFileType = wrapper.application; includeInIndex = 0; path = "Hello World.app"; sourceTree = BUILT_PRODUCTS_DIR; };
		F35A9271220A5EB800106B44 /* AppDelegate.swift */ = {isa = PBXFileReference; lastKnownFileType = sourcecode.swift; path = AppDelegate.swift; sourceTree = "<group>"; };
		F35A9273220A5EB800106B44 /* ViewController.swift */ = {isa = PBXFileReference; lastKnownFileType = sourcecode.swift; path = ViewController.swift; sourceTree = "<group>"; };
		F35A9276220A5EB800106B44 /* Base */ = {isa = PBXFileReference; lastKnownFileType = file.storyboard; name = Base; path = Base.lproj/Main.storyboard; sourceTree = "<group>"; };
		F35A9279220A5EB800106B44 /* Hello_World.xcdatamodel */ = {isa = PBXFileReference; lastKnownFileType = wrapper.xcdatamodel; path = Hello_World.xcdatamodel; sourceTree = "<group>"; };
		F35A927B220A5EBA00106B44 /* Assets.xcassets */ = {isa = PBXFileReference; lastKnownFileType = folder.assetcatalog; path = Assets.xcassets; sourceTree = "<group>"; };
		F35A927E220A5EBA00106B44 /* Base */ = {isa = PBXFileReference; lastKnownFileType = file.storyboard; name = Base; path = Base.lproj/LaunchScreen.storyboard; sourceTree = "<group>"; };
		F35A9280220A5EBA00106B44 /* Info.plist */ = {isa = PBXFileReference; lastKnownFileType = text.plist.xml; path = Info.plist; sourceTree = "<group>"; };
		F35A9285220A5EBA00106B44 /* Hello WorldTests.xctest */ = {isa = PBXFileReference; explicitFileType = wrapper.cfbundle; includeInIndex = 0; path = "Hello WorldTests.xctest"; sourceTree = BUILT_PRODUCTS_DIR; };
		F35A9289220A5EBA00106B44 /* Hello_WorldTests.swift */ = {isa = PBXFileReference; lastKnownFileType = sourcecode.swift; path = Hello_WorldTests.swift; sourceTree = "<group>"; };
		F35A928B220A5EBA00106B44 /* Info.plist */ = {isa = PBXFileReference; lastKnownFileType = text.plist.xml; path = Info.plist; sourceTree = "<group>"; };
		F35A9290220A5EBA00106B44 /* Hello WorldUITests.xctest */ = {isa = PBXFileReference; explicitFileType = wrapper.cfbundle; includeInIndex = 0; path = "Hello WorldUITests.xctest"; sourceTree = BUILT_PRODUCTS_DIR; };
		F35A9294220A5EBA00106B44 /* Hello_WorldUITests.swift */ = {isa = PBXFileReference; lastKnownFileType = sourcecode.swift; path = Hello_WorldUITests.swift; sourceTree = "<group>"; };
		F35A9296220A5EBA00106B44 /* Info.plist */ = {isa = PBXFileReference; lastKnownFileType = text.plist.xml; path = Info.plist; sourceTree = "<group>"; };
/* End PBXFileReference section */

/* Begin PBXFrameworksBuildPhase section */
		F35A926B220A5EB800106B44 /* Frameworks */ = {
			isa = PBXFrameworksBuildPhase;
			buildActionMask = 2147483647;
			files = (
			);
			runOnlyForDeploymentPostprocessing = 0;
		};
		F35A9282220A5EBA00106B44 /* Frameworks */ = {
			isa = PBXFrameworksBuildPhase;
			buildActionMask = 2147483647;
			files = (
			);
			runOnlyForDeploymentPostprocessing = 0;
		};
		F35A928D220A5EBA00106B44 /* Frameworks */ = {
			isa = PBXFrameworksBuildPhase;
			buildActionMask = 2147483647;
			files = (
			);
			runOnlyForDeploymentPostprocessing = 0;
		};
/* End PBXFrameworksBuildPhase section */

/* Begin PBXGroup section */
		F35A9265220A5EB800106B44 = {
			isa = PBXGroup;
			children = (
				F35A9270220A5EB800106B44 /* Hello World */,
				F35A9288220A5EBA00106B44 /* Hello WorldTests */,
				F35A9293220A5EBA00106B44 /* Hello WorldUITests */,
				F35A926F220A5EB800106B44 /* Products */,
			);
			sourceTree = "<group>";
		};
		F35A926F220A5EB800106B44 /* Products */ = {
			isa = PBXGroup;
			children = (
				F35A926E220A5EB800106B44 /* Hello World.app */,
				F35A9285220A5EBA00106B44 /* Hello WorldTests.xctest */,
				F35A9290220A5EBA00106B44 /* Hello WorldUITests.xctest */,
			);
			name = Products;
			sourceTree = "<group>";
		};
		F35A9270220A5EB800106B44 /* Hello World */ = {
			isa = PBXGroup;
			children = (
				F35A9271220A5EB800106B44 /* AppDelegate.swift */,
				F35A9273220A5EB800106B44 /* ViewController.swift */,
				F35A9275220A5EB800106B44 /* Main.storyboard */,
				F35A927B220A5EBA00106B44 /* Assets.xcassets */,
				F35A927D220A5EBA00106B44 /* LaunchScreen.storyboard */,
				F35A9280220A5EBA00106B44 /* Info.plist */,
				F35A9278220A5EB800106B44 /* Hello_World.xcdatamodeld */,
			);
			path = "Hello World";
			sourceTree = "<group>";
		};
		F35A9288220A5EBA00106B44 /* Hello WorldTests */ = {
			isa = PBXGroup;
			children = (
				F35A9289220A5EBA00106B44 /* Hello_WorldTests.swift */,
				F35A928B220A5EBA00106B44 /* Info.plist */,
			);
			path = "Hello WorldTests";
			sourceTree = "<group>";
		};
		F35A9293220A5EBA00106B44 /* Hello WorldUITests */ = {
			isa = PBXGroup;
			children = (
				F35A9294220A5EBA00106B44 /* Hello_WorldUITests.swift */,
				F35A9296220A5EBA00106B44 /* Info.plist */,
			);
			path = "Hello WorldUITests";
			sourceTree = "<group>";
		};
/* End PBXGroup section */

/* Begin PBXNativeTarget section */
		F35A926D220A5EB800106B44 /* Hello World */ = {
			isa = PBXNativeTarget;
			buildConfigurationList = F35A9299220A5EBA00106B44 /* Build configuration list for PBXNativeTarget "Hello World" */;
			buildPhases = (
				F35A926A220A5EB800106B44 /* Sources */,
				F35A926B220A5EB800106B44 /* Frameworks */,
				F35A926C220A5EB800106B44 /* Resources */,
			);
			buildRules = (
			);
			dependencies = (
			);
			name = "Hello World";
			productName = "Hello World";
			productReference = F35A926E220A5EB800106B44 /* Hello World.app */;
			productType = "com.apple.product-type.application";
		};
		F35A9284220A5EBA00106B44 /* Hello WorldTests */ = {
			isa = PBXNativeTarget;
			buildConfigurationList = F35A929C220A5EBA00106B44 /* Build configuration list for PBXNativeTarget "Hello WorldTests" */;
			buildPhases = (
				F35A9281220A5EBA00106B44 /* Sources */,
				F35A9282220A5EBA00106B44 /* Frameworks */,
				F35A9283220A5EBA00106B44 /* Resources */,
			);
			buildRules = (
			);
			dependencies = (
				F35A9287220A5EBA00106B44 /* PBXTargetDependency */,
			);
			name = "Hello WorldTests";
			productName = "Hello WorldTests";
			productReference = F35A9285220A5EBA00106B44 /* Hello WorldTests.xctest */;
			productType = "com.apple.product-type.bundle.unit-test";
		};
		F35A928F220A5EBA00106B44 /* Hello WorldUITests */ = {
			isa = PBXNativeTarget;
			buildConfigurationList = F35A929F220A5EBA00106B44 /* Build configuration list for PBXNativeTarget "Hello WorldUITests" */;
			buildPhases = (
				F35A928C220A5EBA00106B44 /* Sources */,
				F35A928D220A5EBA00106B44 /* Frameworks */,
				F35A928E220A5EBA00106B44 /* Resources */,
			);
			buildRules = (
			);
			dependencies = (
				F35A9292220A5EBA00106B44 /* PBXTargetDependency */,
			);
			name = "Hello WorldUITests";
			productName = "Hello WorldUITests";
			productReference = F35A9290220A5EBA00106B44 /* Hello WorldUITests.xctest */;
			productType = "com.apple.product-type.bundle.ui-testing";
		};
/* End PBXNativeTarget section */

/* Begin PBXProject section */
		F35A9266220A5EB800106B44 /* Project object */ = {
			isa = PBXProject;
			attributes = {
				LastSwiftUpdateCheck = 1010;
				LastUpgradeCheck = 1010;
				ORGANIZATIONNAME = "Erika Eckfeld";
				TargetAttributes = {
					F35A926D220A5EB800106B44 = {
						CreatedOnToolsVersion = 10.1;
					};
					F35A9284220A5EBA00106B44 = {
						CreatedOnToolsVersion = 10.1;
						TestTargetID = F35A926D220A5EB800106B44;
					};
					F35A928F220A5EBA00106B44 = {
						CreatedOnToolsVersion = 10.1;
						TestTargetID = F35A926D220A5EB800106B44;
					};
				};
			};
			buildConfigurationList = F35A9269220A5EB800106B44 /* Build configuration list for PBXProject "Hello World" */;
			compatibilityVersion = "Xcode 9.3";
			developmentRegion = en;
			hasScannedForEncodings = 0;
			knownRegions = (
				en,
				Base,
			);
			mainGroup = F35A9265220A5EB800106B44;
			productRefGroup = F35A926F220A5EB800106B44 /* Products */;
			projectDirPath = "";
			projectRoot = "";
			targets = (
				F35A926D220A5EB800106B44 /* Hello World */,
				F35A9284220A5EBA00106B44 /* Hello WorldTests */,
				F35A928F220A5EBA00106B44 /* Hello WorldUITests */,
			);
		};
/* End PBXProject section */

/* Begin PBXResourcesBuildPhase section */
		F35A926C220A5EB800106B44 /* Resources */ = {
			isa = PBXResourcesBuildPhase;
			buildActionMask = 2147483647;
			files = (
				F35A927F220A5EBA00106B44 /* LaunchScreen.storyboard in Resources */,
				F35A927C220A5EBA00106B44 /* Assets.xcassets in Resources */,
				F35A9277220A5EB800106B44 /* Main.storyboard in Resources */,
			);
			runOnlyForDeploymentPostprocessing = 0;
		};
		F35A9283220A5EBA00106B44 /* Resources */ = {
			isa = PBXResourcesBuildPhase;
			buildActionMask = 2147483647;
			files = (
			);
			runOnlyForDeploymentPostprocessing = 0;
		};
		F35A928E220A5EBA00106B44 /* Resources */ = {
			isa = PBXResourcesBuildPhase;
			buildActionMask = 2147483647;
			files = (
			);
			runOnlyForDeploymentPostprocessing = 0;
		};
/* End PBXResourcesBuildPhase section */

/* Begin PBXSourcesBuildPhase section */
		F35A926A220A5EB800106B44 /* Sources */ = {
			isa = PBXSourcesBuildPhase;
			buildActionMask = 2147483647;
			files = (
				F35A927A220A5EB800106B44 /* Hello_World.xcdatamodeld in Sources */,
				F35A9274220A5EB800106B44 /* ViewController.swift in Sources */,
				F35A9272220A5EB800106B44 /* AppDelegate.swift in Sources */,
			);
			runOnlyForDeploymentPostprocessing = 0;
		};
		F35A9281220A5EBA00106B44 /* Sources */ = {
			isa = PBXSourcesBuildPhase;
			buildActionMask = 2147483647;
			files = (
				F35A928A220A5EBA00106B44 /* Hello_WorldTests.swift in Sources */,
			);
			runOnlyForDeploymentPostprocessing = 0;
		};
		F35A928C220A5EBA00106B44 /* Sources */ = {
			isa = PBXSourcesBuildPhase;
			buildActionMask = 2147483647;
			files = (
				F35A9295220A5EBA00106B44 /* Hello_WorldUITests.swift in Sources */,
			);
			runOnlyForDeploymentPostprocessing = 0;
		};
/* End PBXSourcesBuildPhase section */

/* Begin PBXTargetDependency section */
		F35A9287220A5EBA00106B44 /* PBXTargetDependency */ = {
			isa = PBXTargetDependency;
			target = F35A926D220A5EB800106B44 /* Hello World */;
			targetProxy = F35A9286220A5EBA00106B44 /* PBXContainerItemProxy */;
		};
		F35A9292220A5EBA00106B44 /* PBXTargetDependency */ = {
			isa = PBXTargetDependency;
			target = F35A926D220A5EB800106B44 /* Hello World */;
			targetProxy = F35A9291220A5EBA00106B44 /* PBXContainerItemProxy */;
		};
/* End PBXTargetDependency section */

/* Begin PBXVariantGroup section */
		F35A9275220A5EB800106B44 /* Main.storyboard */ = {
			isa = PBXVariantGroup;
			children = (
				F35A9276220A5EB800106B44 /* Base */,
			);
			name = Main.storyboard;
			sourceTree = "<group>";
		};
		F35A927D220A5EBA00106B44 /* LaunchScreen.storyboard */ = {
			isa = PBXVariantGroup;
			children = (
				F35A927E220A5EBA00106B44 /* Base */,
			);
			name = LaunchScreen.storyboard;
			sourceTree = "<group>";
		};
/* End PBXVariantGroup section */

/* Begin XCBuildConfiguration section */
		F35A9297220A5EBA00106B44 /* Debug */ = {
			isa = XCBuildConfiguration;
			buildSettings = {
				ALWAYS_SEARCH_USER_PATHS = NO;
				CLANG_ANALYZER_NONNULL = YES;
				CLANG_ANALYZER_NUMBER_OBJECT_CONVERSION = YES_AGGRESSIVE;
				CLANG_CXX_LANGUAGE_STANDARD = "gnu++14";
				CLANG_CXX_LIBRARY = "libc++";
				CLANG_ENABLE_MODULES = YES;
				CLANG_ENABLE_OBJC_ARC = YES;
				CLANG_ENABLE_OBJC_WEAK = YES;
				CLANG_WARN_BLOCK_CAPTURE_AUTORELEASING = YES;
				CLANG_WARN_BOOL_CONVERSION = YES;
				CLANG_WARN_COMMA = YES;
				CLANG_WARN_CONSTANT_CONVERSION = YES;
				CLANG_WARN_DEPRECATED_OBJC_IMPLEMENTATIONS = YES;
				CLANG_WARN_DIRECT_OBJC_ISA_USAGE = YES_ERROR;
				CLANG_WARN_DOCUMENTATION_COMMENTS = YES;
				CLANG_WARN_EMPTY_BODY = YES;
				CLANG_WARN_ENUM_CONVERSION = YES;
				CLANG_WARN_INFINITE_RECURSION = YES;
				CLANG_WARN_INT_CONVERSION = YES;
				CLANG_WARN_NON_LITERAL_NULL_CONVERSION = YES;
				CLANG_WARN_OBJC_IMPLICIT_RETAIN_SELF = YES;
				CLANG_WARN_OBJC_LITERAL_CONVERSION = YES;
				CLANG_WARN_OBJC_ROOT_CLASS = YES_ERROR;
				CLANG_WARN_RANGE_LOOP_ANALYSIS = YES;
				CLANG_WARN_STRICT_PROTOTYPES = YES;
				CLANG_WARN_SUSPICIOUS_MOVE = YES;
				CLANG_WARN_UNGUARDED_AVAILABILITY = YES_AGGRESSIVE;
				CLANG_WARN_UNREACHABLE_CODE = YES;
				CLANG_WARN__DUPLICATE_METHOD_MATCH = YES;
				CODE_SIGN_IDENTITY = "iPhone Developer";
				COPY_PHASE_STRIP = NO;
				DEBUG_INFORMATION_FORMAT = dwarf;
				ENABLE_STRICT_OBJC_MSGSEND = YES;
				ENABLE_TESTABILITY = YES;
				GCC_C_LANGUAGE_STANDARD = gnu11;
				GCC_DYNAMIC_NO_PIC = NO;
				GCC_NO_COMMON_BLOCKS = YES;
				GCC_OPTIMIZATION_LEVEL = 0;
				GCC_PREPROCESSOR_DEFINITIONS = (
					"DEBUG=1",
					"$(inherited)",
				);
				GCC_WARN_64_TO_32_BIT_CONVERSION = YES;
				GCC_WARN_ABOUT_RETURN_TYPE = YES_ERROR;
				GCC_WARN_UNDECLARED_SELECTOR = YES;
				GCC_WARN_UNINITIALIZED_AUTOS = YES_AGGRESSIVE;
				GCC_WARN_UNUSED_FUNCTION = YES;
				GCC_WARN_UNUSED_VARIABLE = YES;
				IPHONEOS_DEPLOYMENT_TARGET = 12.1;
				MTL_ENABLE_DEBUG_INFO = INCLUDE_SOURCE;
				MTL_FAST_MATH = YES;
				ONLY_ACTIVE_ARCH = YES;
				SDKROOT = iphoneos;
				SWIFT_ACTIVE_COMPILATION_CONDITIONS = DEBUG;
				SWIFT_OPTIMIZATION_LEVEL = "-Onone";
			};
			name = Debug;
		};
		F35A9298220A5EBA00106B44 /* Release */ = {
			isa = XCBuildConfiguration;
			buildSettings = {
				ALWAYS_SEARCH_USER_PATHS = NO;
				CLANG_ANALYZER_NONNULL = YES;
				CLANG_ANALYZER_NUMBER_OBJECT_CONVERSION = YES_AGGRESSIVE;
				CLANG_CXX_LANGUAGE_STANDARD = "gnu++14";
				CLANG_CXX_LIBRARY = "libc++";
				CLANG_ENABLE_MODULES = YES;
				CLANG_ENABLE_OBJC_ARC = YES;
				CLANG_ENABLE_OBJC_WEAK = YES;
				CLANG_WARN_BLOCK_CAPTURE_AUTORELEASING = YES;
				CLANG_WARN_BOOL_CONVERSION = YES;
				CLANG_WARN_COMMA = YES;
				CLANG_WARN_CONSTANT_CONVERSION = YES;
				CLANG_WARN_DEPRECATED_OBJC_IMPLEMENTATIONS = YES;
				CLANG_WARN_DIRECT_OBJC_ISA_USAGE = YES_ERROR;
				CLANG_WARN_DOCUMENTATION_COMMENTS = YES;
				CLANG_WARN_EMPTY_BODY = YES;
				CLANG_WARN_ENUM_CONVERSION = YES;
				CLANG_WARN_INFINITE_RECURSION = YES;
				CLANG_WARN_INT_CONVERSION = YES;
				CLANG_WARN_NON_LITERAL_NULL_CONVERSION = YES;
				CLANG_WARN_OBJC_IMPLICIT_RETAIN_SELF = YES;
				CLANG_WARN_OBJC_LITERAL_CONVERSION = YES;
				CLANG_WARN_OBJC_ROOT_CLASS = YES_ERROR;
				CLANG_WARN_RANGE_LOOP_ANALYSIS = YES;
				CLANG_WARN_STRICT_PROTOTYPES = YES;
				CLANG_WARN_SUSPICIOUS_MOVE = YES;
				CLANG_WARN_UNGUARDED_AVAILABILITY = YES_AGGRESSIVE;
				CLANG_WARN_UNREACHABLE_CODE = YES;
				CLANG_WARN__DUPLICATE_METHOD_MATCH = YES;
				CODE_SIGN_IDENTITY = "iPhone Developer";
				COPY_PHASE_STRIP = NO;
				DEBUG_INFORMATION_FORMAT = "dwarf-with-dsym";
				ENABLE_NS_ASSERTIONS = NO;
				ENABLE_STRICT_OBJC_MSGSEND = YES;
				GCC_C_LANGUAGE_STANDARD = gnu11;
				GCC_NO_COMMON_BLOCKS = YES;
				GCC_WARN_64_TO_32_BIT_CONVERSION = YES;
				GCC_WARN_ABOUT_RETURN_TYPE = YES_ERROR;
				GCC_WARN_UNDECLARED_SELECTOR = YES;
				GCC_WARN_UNINITIALIZED_AUTOS = YES_AGGRESSIVE;
				GCC_WARN_UNUSED_FUNCTION = YES;
				GCC_WARN_UNUSED_VARIABLE = YES;
				IPHONEOS_DEPLOYMENT_TARGET = 12.1;
				MTL_ENABLE_DEBUG_INFO = NO;
				MTL_FAST_MATH = YES;
				SDKROOT = iphoneos;
				SWIFT_COMPILATION_MODE = wholemodule;
				SWIFT_OPTIMIZATION_LEVEL = "-O";
				VALIDATE_PRODUCT = YES;
			};
			name = Release;
		};
		F35A929A220A5EBA00106B44 /* Debug */ = {
			isa = XCBuildConfiguration;
			buildSettings = {
				ASSETCATALOG_COMPILER_APPICON_NAME = AppIcon;
				CODE_SIGN_STYLE = Automatic;
				DEVELOPMENT_TEAM = 98WSKLZW5L;
				INFOPLIST_FILE = "Hello World/Info.plist";
				LD_RUNPATH_SEARCH_PATHS = (
					"$(inherited)",
					"@executable_path/Frameworks",
				);
				PRODUCT_BUNDLE_IDENTIFIER = "edu.missouri.Hello-World";
				PRODUCT_NAME = "$(TARGET_NAME)";
				SWIFT_VERSION = 4.2;
				TARGETED_DEVICE_FAMILY = "1,2";
			};
			name = Debug;
		};
		F35A929B220A5EBA00106B44 /* Release */ = {
			isa = XCBuildConfiguration;
			buildSettings = {
				ASSETCATALOG_COMPILER_APPICON_NAME = AppIcon;
				CODE_SIGN_STYLE = Automatic;
				DEVELOPMENT_TEAM = 98WSKLZW5L;
				INFOPLIST_FILE = "Hello World/Info.plist";
				LD_RUNPATH_SEARCH_PATHS = (
					"$(inherited)",
					"@executable_path/Frameworks",
				);
				PRODUCT_BUNDLE_IDENTIFIER = "edu.missouri.Hello-World";
				PRODUCT_NAME = "$(TARGET_NAME)";
				SWIFT_VERSION = 4.2;
				TARGETED_DEVICE_FAMILY = "1,2";
			};
			name = Release;
		};
		F35A929D220A5EBA00106B44 /* Debug */ = {
			isa = XCBuildConfiguration;
			buildSettings = {
				ALWAYS_EMBED_SWIFT_STANDARD_LIBRARIES = YES;
				BUNDLE_LOADER = "$(TEST_HOST)";
				CODE_SIGN_STYLE = Automatic;
				DEVELOPMENT_TEAM = 98WSKLZW5L;
				INFOPLIST_FILE = "Hello WorldTests/Info.plist";
				LD_RUNPATH_SEARCH_PATHS = (
					"$(inherited)",
					"@executable_path/Frameworks",
					"@loader_path/Frameworks",
				);
				PRODUCT_BUNDLE_IDENTIFIER = "edu.missouri.Hello-WorldTests";
				PRODUCT_NAME = "$(TARGET_NAME)";
				SWIFT_VERSION = 4.2;
				TARGETED_DEVICE_FAMILY = "1,2";
				TEST_HOST = "$(BUILT_PRODUCTS_DIR)/Hello World.app/Hello World";
			};
			name = Debug;
		};
		F35A929E220A5EBA00106B44 /* Release */ = {
			isa = XCBuildConfiguration;
			buildSettings = {
				ALWAYS_EMBED_SWIFT_STANDARD_LIBRARIES = YES;
				BUNDLE_LOADER = "$(TEST_HOST)";
				CODE_SIGN_STYLE = Automatic;
				DEVELOPMENT_TEAM = 98WSKLZW5L;
				INFOPLIST_FILE = "Hello WorldTests/Info.plist";
				LD_RUNPATH_SEARCH_PATHS = (
					"$(inherited)",
					"@executable_path/Frameworks",
					"@loader_path/Frameworks",
				);
				PRODUCT_BUNDLE_IDENTIFIER = "edu.missouri.Hello-WorldTests";
				PRODUCT_NAME = "$(TARGET_NAME)";
				SWIFT_VERSION = 4.2;
				TARGETED_DEVICE_FAMILY = "1,2";
				TEST_HOST = "$(BUILT_PRODUCTS_DIR)/Hello World.app/Hello World";
			};
			name = Release;
		};
		F35A92A0220A5EBA00106B44 /* Debug */ = {
			isa = XCBuildConfiguration;
			buildSettings = {
				ALWAYS_EMBED_SWIFT_STANDARD_LIBRARIES = YES;
				CODE_SIGN_STYLE = Automatic;
				DEVELOPMENT_TEAM = 98WSKLZW5L;
				INFOPLIST_FILE = "Hello WorldUITests/Info.plist";
				LD_RUNPATH_SEARCH_PATHS = (
					"$(inherited)",
					"@executable_path/Frameworks",
					"@loader_path/Frameworks",
				);
				PRODUCT_BUNDLE_IDENTIFIER = "edu.missouri.Hello-WorldUITests";
				PRODUCT_NAME = "$(TARGET_NAME)";
				SWIFT_VERSION = 4.2;
				TARGETED_DEVICE_FAMILY = "1,2";
				TEST_TARGET_NAME = "Hello World";
			};
			name = Debug;
		};
		F35A92A1220A5EBA00106B44 /* Release */ = {
			isa = XCBuildConfiguration;
			buildSettings = {
				ALWAYS_EMBED_SWIFT_STANDARD_LIBRARIES = YES;
				CODE_SIGN_STYLE = Automatic;
				DEVELOPMENT_TEAM = 98WSKLZW5L;
				INFOPLIST_FILE = "Hello WorldUITests/Info.plist";
				LD_RUNPATH_SEARCH_PATHS = (
					"$(inherited)",
					"@executable_path/Frameworks",
					"@loader_path/Frameworks",
				);
				PRODUCT_BUNDLE_IDENTIFIER = "edu.missouri.Hello-WorldUITests";
				PRODUCT_NAME = "$(TARGET_NAME)";
				SWIFT_VERSION = 4.2;
				TARGETED_DEVICE_FAMILY = "1,2";
				TEST_TARGET_NAME = "Hello World";
			};
			name = Release;
		};
/* End XCBuildConfiguration section */

/* Begin XCConfigurationList section */
		F35A9269220A5EB800106B44 /* Build configuration list for PBXProject "Hello World" */ = {
			isa = XCConfigurationList;
			buildConfigurations = (
				F35A9297220A5EBA00106B44 /* Debug */,
				F35A9298220A5EBA00106B44 /* Release */,
			);
			defaultConfigurationIsVisible = 0;
			defaultConfigurationName = Release;
		};
		F35A9299220A5EBA00106B44 /* Build configuration list for PBXNativeTarget "Hello World" */ = {
			isa = XCConfigurationList;
			buildConfigurations = (
				F35A929A220A5EBA00106B44 /* Debug */,
				F35A929B220A5EBA00106B44 /* Release */,
			);
			defaultConfigurationIsVisible = 0;
			defaultConfigurationName = Release;
		};
		F35A929C220A5EBA00106B44 /* Build configuration list for PBXNativeTarget "Hello WorldTests" */ = {
			isa = XCConfigurationList;
			buildConfigurations = (
				F35A929D220A5EBA00106B44 /* Debug */,
				F35A929E220A5EBA00106B44 /* Release */,
			);
			defaultConfigurationIsVisible = 0;
			defaultConfigurationName = Release;
		};
		F35A929F220A5EBA00106B44 /* Build configuration list for PBXNativeTarget "Hello WorldUITests" */ = {
			isa = XCConfigurationList;
			buildConfigurations = (
				F35A92A0220A5EBA00106B44 /* Debug */,
				F35A92A1220A5EBA00106B44 /* Release */,
			);
			defaultConfigurationIsVisible = 0;
			defaultConfigurationName = Release;
		};
/* End XCConfigurationList section */

/* Begin XCVersionGroup section */
		F35A9278220A5EB800106B44 /* Hello_World.xcdatamodeld */ = {
			isa = XCVersionGroup;
			children = (
				F35A9279220A5EB800106B44 /* Hello_World.xcdatamodel */,
			);
			currentVersion = F35A9279220A5EB800106B44 /* Hello_World.xcdatamodel */;
			path = Hello_World.xcdatamodeld;
			sourceTree = "<group>";
			versionGroupType = wrapper.xcdatamodel;
		};
/* End XCVersionGroup section */
	};
	rootObject = F35A9266220A5EB800106B44 /* Project object */;
}
